// !$*UTF8*$!
{
	archiveVersion = 1;
	classes = {
	};
	objectVersion = 56;
	objects = {

/* Begin PBXBuildFile section */
		4E58056127F3C5B100F16219 /* Assets.xcassets in Resources */ = {isa = PBXBuildFile; fileRef = 4E58056027F3C5B100F16219 /* Assets.xcassets */; };
		4E58056427F3C5B100F16219 /* LaunchScreen.storyboard in Resources */ = {isa = PBXBuildFile; fileRef = 4E58056227F3C5B100F16219 /* LaunchScreen.storyboard */; };
		4E58060127F3C5B100F16219 /* CrossfitPRApp.swift in Sources */ = {isa = PBXBuildFile; fileRef = 4E58060027F3C5B100F16219 /* CrossfitPRApp.swift */; };
		4E58060327F3C5B100F16219 /* RootView.swift in Sources */ = {isa = PBXBuildFile; fileRef = 4E58060227F3C5B100F16219 /* RootView.swift */; };
		4E58061127F3C5B100F16219 /* Domain in Frameworks */ = {isa = PBXBuildFile; productRef = 4E58061027F3C5B100F16219 /* Domain */; };
		4E58061727F3C5B100F16219 /* Subscription in Frameworks */ = {isa = PBXBuildFile; productRef = 4E58061627F3C5B100F16219 /* Subscription */; };
		4E58061927F3C5B100F16219 /* Application in Frameworks */ = {isa = PBXBuildFile; productRef = 4E58061827F3C5B100F16219 /* Application */; };
		4E58063027F3C5B100F16219 /* PRHistory in Frameworks */ = {isa = PBXBuildFile; productRef = 4E58062C27F3C5B100F16219 /* PRHistory */; };
		4E58063127F3C5B100F16219 /* Insights in Frameworks */ = {isa = PBXBuildFile; productRef = 4E58062D27F3C5B100F16219 /* Insights */; };
		4E58063227F3C5B100F16219 /* PROUpgrade in Frameworks */ = {isa = PBXBuildFile; productRef = 4E58062E27F3C5B100F16219 /* PROUpgrade */; };
		4E58063327F3C5B100F16219 /* Onboarding in Frameworks */ = {isa = PBXBuildFile; productRef = 4E58062F27F3C5B100F16219 /* Onboarding */; };
		4E58063627F3C5B100F16219 /* Localization in Frameworks */ = {isa = PBXBuildFile; productRef = 4E58063527F3C5B100F16219 /* Localization */; };
		4E58063727F3C5B100F16219 /* Categories in Frameworks */ = {isa = PBXBuildFile; productRef = 4E58063827F3C5B100F16219 /* Categories */; };
		4E58063927F3C5B100F16219 /* Settings in Frameworks */ = {isa = PBXBuildFile; productRef = 4E58063A27F3C5B100F16219 /* Settings */; };
		4E58063B27F3C5B100F16219 /* Launch in Frameworks */ = {isa = PBXBuildFile; productRef = 4E58063C27F3C5B100F16219 /* Launch */; };
/* End PBXBuildFile section */

/* Begin PBXFileReference section */
		4E58055427F3C5AE00F16219 /* CrossfitPR.app */ = {isa = PBXFileReference; explicitFileType = wrapper.application; includeInIndex = 0; path = CrossfitPR.app; sourceTree = BUILT_PRODUCTS_DIR; };
		4E58056027F3C5B100F16219 /* Assets.xcassets */ = {isa = PBXFileReference; lastKnownFileType = folder.assetcatalog; path = Assets.xcassets; sourceTree = "<group>"; };
		4E58056327F3C5B100F16219 /* Base */ = {isa = PBXFileReference; lastKnownFileType = file.storyboard; name = Base; path = Base.lproj/LaunchScreen.storyboard; sourceTree = "<group>"; };
		4E58056527F3C5B100F16219 /* Info.plist */ = {isa = PBXFileReference; lastKnownFileType = text.plist.xml; path = Info.plist; sourceTree = "<group>"; };
		4E58058527FA865F00F16219 /* CrossfitPR.entitlements */ = {isa = PBXFileReference; lastKnownFileType = text.plist.entitlements; path = CrossfitPR.entitlements; sourceTree = "<group>"; };
		4E58060027F3C5B100F16219 /* CrossfitPRApp.swift */ = {isa = PBXFileReference; lastKnownFileType = sourcecode.swift; path = CrossfitPRApp.swift; sourceTree = "<group>"; };
		4E58060227F3C5B100F16219 /* RootView.swift */ = {isa = PBXFileReference; lastKnownFileType = sourcecode.swift; path = RootView.swift; sourceTree = "<group>"; };
/* End PBXFileReference section */

/* Begin PBXFrameworksBuildPhase section */
		4E58055127F3C5AE00F16219 /* Frameworks */ = {
			isa = PBXFrameworksBuildPhase;
			buildActionMask = 2147483647;
			files = (
				4E58061127F3C5B100F16219 /* Domain in Frameworks */,
				4E58061727F3C5B100F16219 /* Subscription in Frameworks */,
				4E58061927F3C5B100F16219 /* Application in Frameworks */,
				4E58063027F3C5B100F16219 /* PRHistory in Frameworks */,
				4E58063127F3C5B100F16219 /* Insights in Frameworks */,
				4E58063227F3C5B100F16219 /* PROUpgrade in Frameworks */,
				4E58063327F3C5B100F16219 /* Onboarding in Frameworks */,
				4E58063627F3C5B100F16219 /* Localization in Frameworks */,
				4E58063727F3C5B100F16219 /* Categories in Frameworks */,
				4E58063927F3C5B100F16219 /* Settings in Frameworks */,
				4E58063B27F3C5B100F16219 /* Launch in Frameworks */,
			);
			runOnlyForDeploymentPostprocessing = 0;
		};
/* End PBXFrameworksBuildPhase section */

/* Begin PBXGroup section */
		4E58054B27F3C5AE00F16219 = {
			isa = PBXGroup;
			children = (
				4E58062027F3C5B100F16219 /* Packages */,
				4E58055627F3C5AE00F16219 /* CrossfitPR */,
				4E58055527F3C5AE00F16219 /* Products */,
			);
			sourceTree = "<group>";
		};
		4E58055527F3C5AE00F16219 /* Products */ = {
			isa = PBXGroup;
			children = (
				4E58055427F3C5AE00F16219 /* CrossfitPR.app */,
			);
			name = Products;
			sourceTree = "<group>";
		};
		4E58055627F3C5AE00F16219 /* CrossfitPR */ = {
			isa = PBXGroup;
			children = (
				4E58058527FA865F00F16219 /* CrossfitPR.entitlements */,
				4E58060027F3C5B100F16219 /* CrossfitPRApp.swift */,
				4E58060227F3C5B100F16219 /* RootView.swift */,
				4E58056027F3C5B100F16219 /* Assets.xcassets */,
				4E58056227F3C5B100F16219 /* LaunchScreen.storyboard */,
				4E58056527F3C5B100F16219 /* Info.plist */,
			);
			path = CrossfitPR;
			sourceTree = "<group>";
		};
		4E58062027F3C5B100F16219 /* Packages */ = {
			isa = PBXGroup;
			children = (
			);
			name = Packages;
			path = Packages;
			sourceTree = "<group>";
		};
/* End PBXGroup section */

/* Begin PBXNativeTarget section */
		4E58055327F3C5AE00F16219 /* CrossfitPR */ = {
			isa = PBXNativeTarget;
			buildConfigurationList = 4E58056827F3C5B100F16219 /* Build configuration list for PBXNativeTarget "CrossfitPR" */;
			buildPhases = (
				4E58055027F3C5AE00F16219 /* Sources */,
				4E58055127F3C5AE00F16219 /* Frameworks */,
				4E58055227F3C5AE00F16219 /* Resources */,
			);
			buildRules = (
			);
			dependencies = (
			);
			name = CrossfitPR;
			packageProductDependencies = (
				4E58061027F3C5B100F16219 /* Domain */,
				4E58061627F3C5B100F16219 /* Subscription */,
				4E58061827F3C5B100F16219 /* Application */,
				4E58062C27F3C5B100F16219 /* PRHistory */,
				4E58062D27F3C5B100F16219 /* Insights */,
				4E58062E27F3C5B100F16219 /* PROUpgrade */,
				4E58062F27F3C5B100F16219 /* Onboarding */,
				4E58063527F3C5B100F16219 /* Localization */,
				4E58063827F3C5B100F16219 /* Categories */,
				4E58063A27F3C5B100F16219 /* Settings */,
				4E58063C27F3C5B100F16219 /* Launch */,
			);
			productName = CrossfitPR;
			productReference = 4E58055427F3C5AE00F16219 /* CrossfitPR.app */;
			productType = "com.apple.product-type.application";
		};
/* End PBXNativeTarget section */

/* Begin PBXProject section */
		4E58054C27F3C5AE00F16219 /* Project object */ = {
			isa = PBXProject;
			attributes = {
				BuildIndependentTargetsInParallel = 1;
				LastSwiftUpdateCheck = 1600;
				LastUpgradeCheck = 1600;
				TargetAttributes = {
					4E58055327F3C5AE00F16219 = {
						CreatedOnToolsVersion = 13.0;
					};
				};
			};
			buildConfigurationList = 4E58054F27F3C5AE00F16219 /* Build configuration list for PBXProject "CrossfitPR" */;
			compatibilityVersion = "Xcode 14.0";
			developmentRegion = "pt-BR";
			hasScannedForEncodings = 0;
			knownRegions = (
				en,
				Base,
				"pt-BR",
			);
			mainGroup = 4E58054B27F3C5AE00F16219;
			packageReferences = (
				4E58062127F3C5B100F16219 /* XCRemoteSwiftPackageReference "CrossfitPRPackages" */,
			);
			productRefGroup = 4E58055527F3C5AE00F16219 /* Products */;
			projectDirPath = "";
			projectRoot = "";
			targets = (
				4E58055327F3C5AE00F16219 /* CrossfitPR */,
			);
		};
/* End PBXProject section */

/* Begin PBXResourcesBuildPhase section */
		4E58055227F3C5AE00F16219 /* Resources */ = {
			isa = PBXResourcesBuildPhase;
			buildActionMask = 2147483647;
			files = (
				4E58056427F3C5B100F16219 /* LaunchScreen.storyboard in Resources */,
				4E58056127F3C5B100F16219 /* Assets.xcassets in Resources */,
			);
			runOnlyForDeploymentPostprocessing = 0;
		};
/* End PBXResourcesBuildPhase section */

/* Begin PBXSourcesBuildPhase section */
		4E58055027F3C5AE00F16219 /* Sources */ = {
			isa = PBXSourcesBuildPhase;
			buildActionMask = 2147483647;
			files = (
				4E58060127F3C5B100F16219 /* CrossfitPRApp.swift in Sources */,
				4E58060327F3C5B100F16219 /* RootView.swift in Sources */,
			);
			runOnlyForDeploymentPostprocessing = 0;
		};
/* End PBXSourcesBuildPhase section */

/* Begin PBXVariantGroup section */
		4E58056227F3C5B100F16219 /* LaunchScreen.storyboard */ = {
			isa = PBXVariantGroup;
			children = (
				4E58056327F3C5B100F16219 /* Base */,
			);
			name = LaunchScreen.storyboard;
			sourceTree = "<group>";
		};
/* End PBXVariantGroup section */

/* Begin XCBuildConfiguration section */
		4E58056627F3C5B100F16219 /* Debug */ = {
			isa = XCBuildConfiguration;
			buildSettings = {
				ALWAYS_SEARCH_USER_PATHS = NO;
				CLANG_ANALYZER_NONNULL = YES;
				CLANG_ANALYZER_NUMBER_OBJECT_CONVERSION = YES_AGGRESSIVE;
				CLANG_CXX_LANGUAGE_STANDARD = "gnu++20";
				CLANG_CXX_LIBRARY = "libc++";
				CLANG_ENABLE_MODULES = YES;
				CLANG_ENABLE_OBJC_ARC = YES;
				CLANG_ENABLE_OBJC_WEAK = YES;
				CLANG_WARN_BLOCK_CAPTURE_AUTORELEASING = YES;
				CLANG_WARN_BOOL_CONVERSION = YES;
				CLANG_WARN_COMMA = YES;
				CLANG_WARN_CONSTANT_CONVERSION = YES;
				CLANG_WARN_DEPRECATED_OBJC_IMPLEMENTATIONS = YES;
				CLANG_WARN_DIRECT_OBJC_ISA_USAGE = YES_ERROR;
				CLANG_WARN_DOCUMENTATION_COMMENTS = YES;
				CLANG_WARN_EMPTY_BODY = YES;
				CLANG_WARN_ENUM_CONVERSION = YES;
				CLANG_WARN_INFINITE_RECURSION = YES;
				CLANG_WARN_INT_CONVERSION = YES;
				CLANG_WARN_NON_LITERAL_NULL_CONVERSION = YES;
				CLANG_WARN_OBJC_IMPLICIT_RETAIN_SELF = YES;
				CLANG_WARN_OBJC_LITERAL_CONVERSION = YES;
				CLANG_WARN_OBJC_ROOT_CLASS = YES_ERROR;
				CLANG_WARN_QUOTED_INCLUDE_IN_FRAMEWORK_HEADER = YES;
				CLANG_WARN_RANGE_LOOP_ANALYSIS = YES;
				CLANG_WARN_STRICT_PROTOTYPES = YES;
				CLANG_WARN_SUSPICIOUS_MOVE = YES;
				CLANG_WARN_UNGUARDED_AVAILABILITY = YES_AGGRESSIVE;
				CLANG_WARN_UNREACHABLE_CODE = YES;
				CLANG_WARN__DUPLICATE_METHOD_MATCH = YES;
				COPY_PHASE_STRIP = NO;
				DEBUG_INFORMATION_FORMAT = dwarf;
				ENABLE_STRICT_OBJC_MSGSEND = YES;
				ENABLE_TESTABILITY = YES;
				GCC_C_LANGUAGE_STANDARD = gnu11;
				GCC_DYNAMIC_NO_PIC = NO;
				GCC_NO_COMMON_BLOCKS = YES;
				GCC_OPTIMIZATION_LEVEL = 0;
				GCC_PREPROCESSOR_DEFINITIONS = (
					"DEBUG=1",
					"$(inherited)",
				);
				GCC_WARN_64_TO_32_BIT_CONVERSION = YES;
				GCC_WARN_ABOUT_RETURN_TYPE = YES_ERROR;
				GCC_WARN_UNDECLARED_SELECTOR = YES;
				GCC_WARN_UNINITIALIZED_AUTOS = YES_AGGRESSIVE;
				GCC_WARN_UNUSED_FUNCTION = YES;
				GCC_WARN_UNUSED_VARIABLE = YES;
				IPHONEOS_DEPLOYMENT_TARGET = 16.0;
				MTL_ENABLE_DEBUG_INFO = INCLUDE_SOURCE;
				MTL_FAST_MATH = YES;
				ONLY_ACTIVE_ARCH = YES;
				SDKROOT = iphoneos;
				SWIFT_ACTIVE_COMPILATION_CONDITIONS = DEBUG;
				SWIFT_OPTIMIZATION_LEVEL = "-Onone";
				SWIFT_VERSION = 5.0;
			};
			name = Debug;
		};
		4E58056727F3C5B100F16219 /* Release */ = {
			isa = XCBuildConfiguration;
			buildSettings = {
				ALWAYS_SEARCH_USER_PATHS = NO;
				CLANG_ANALYZER_NONNULL = YES;
				CLANG_ANALYZER_NUMBER_OBJECT_CONVERSION = YES_AGGRESSIVE;
				CLANG_CXX_LANGUAGE_STANDARD = "gnu++20";
				CLANG_CXX_LIBRARY = "libc++";
				CLANG_ENABLE_MODULES = YES;
				CLANG_ENABLE_OBJC_ARC = YES;
				CLANG_ENABLE_OBJC_WEAK = YES;
				CLANG_WARN_BLOCK_CAPTURE_AUTORELEASING = YES;
				CLANG_WARN_BOOL_CONVERSION = YES;
				CLANG_WARN_COMMA = YES;
				CLANG_WARN_CONSTANT_CONVERSION = YES;
				CLANG_WARN_DEPRECATED_OBJC_IMPLEMENTATIONS = YES;
				CLANG_WARN_DIRECT_OBJC_ISA_USAGE = YES_ERROR;
				CLANG_WARN_DOCUMENTATION_COMMENTS = YES;
				CLANG_WARN_EMPTY_BODY = YES;
				CLANG_WARN_ENUM_CONVERSION = YES;
				CLANG_WARN_INFINITE_RECURSION = YES;
				CLANG_WARN_INT_CONVERSION = YES;
				CLANG_WARN_NON_LITERAL_NULL_CONVERSION = YES;
				CLANG_WARN_OBJC_IMPLICIT_RETAIN_SELF = YES;
				CLANG_WARN_OBJC_LITERAL_CONVERSION = YES;
				CLANG_WARN_OBJC_ROOT_CLASS = YES_ERROR;
				CLANG_WARN_QUOTED_INCLUDE_IN_FRAMEWORK_HEADER = YES;
				CLANG_WARN_RANGE_LOOP_ANALYSIS = YES;
				CLANG_WARN_STRICT_PROTOTYPES = YES;
				CLANG_WARN_SUSPICIOUS_MOVE = YES;
				CLANG_WARN_UNGUARDED_AVAILABILITY = YES_AGGRESSIVE;
				CLANG_WARN_UNREACHABLE_CODE = YES;
				CLANG_WARN__DUPLICATE_METHOD_MATCH = YES;
				COPY_PHASE_STRIP = NO;
				DEBUG_INFORMATION_FORMAT = "dwarf-with-dsym";
				ENABLE_NS_ASSERTIONS = NO;
				ENABLE_STRICT_OBJC_MSGSEND = YES;
				GCC_C_LANGUAGE_STANDARD = gnu11;
				GCC_NO_COMMON_BLOCKS = YES;
				GCC_WARN_64_TO_32_BIT_CONVERSION = YES;
				GCC_WARN_ABOUT_RETURN_TYPE = YES_ERROR;
				GCC_WARN_UNDECLARED_SELECTOR = YES;
				GCC_WARN_UNINITIALIZED_AUTOS = YES_AGGRESSIVE;
				GCC_WARN_UNUSED_FUNCTION = YES;
				GCC_WARN_UNUSED_VARIABLE = YES;
				IPHONEOS_DEPLOYMENT_TARGET = 16.0;
				MTL_ENABLE_DEBUG_INFO = NO;
				MTL_FAST_MATH = YES;
				SDKROOT = iphoneos;
				SWIFT_COMPILATION_MODE = wholemodule;
				SWIFT_OPTIMIZATION_LEVEL = "-O";
				SWIFT_VERSION = 5.0;
				VALIDATE_PRODUCT = YES;
			};
			name = Release;
		};
		4E58056927F3C5B100F16219 /* Debug */ = {
			isa = XCBuildConfiguration;
			buildSettings = {
				ASSETCATALOG_COMPILER_APPICON_NAME = AppIcon;
				ASSETCATALOG_COMPILER_GLOBAL_ACCENT_COLOR_NAME = AccentColor;
				CODE_SIGN_ENTITLEMENTS = CrossfitPR/CrossfitPR.entitlements;
				CODE_SIGN_STYLE = Automatic;
				CURRENT_PROJECT_VERSION = 1;
				DEVELOPMENT_TEAM = 6V95FQX348;
				GENERATE_INFOPLIST_FILE = YES;
				INFOPLIST_FILE = CrossfitPR/Info.plist;
				INFOPLIST_KEY_CFBundleDisplayName = MyCrossfitPRs;
				INFOPLIST_KEY_UIApplicationSupportsIndirectInputEvents = YES;
				INFOPLIST_KEY_UILaunchStoryboardName = LaunchScreen;
				INFOPLIST_KEY_UISupportedInterfaceOrientations_iPad = "UIInterfaceOrientationPortrait UIInterfaceOrientationPortraitUpsideDown UIInterfaceOrientationLandscapeLeft UIInterfaceOrientationLandscapeRight";
				INFOPLIST_KEY_UISupportedInterfaceOrientations_iPhone = "UIInterfaceOrientationPortrait UIInterfaceOrientationLandscapeLeft UIInterfaceOrientationLandscapeRight";
				LD_RUNPATH_SEARCH_PATHS = (
					"$(inherited)",
					"@executable_path/Frameworks",
				);
				MARKETING_VERSION = 1.0;
				PRODUCT_BUNDLE_IDENTIFIER = com.douglast.CrossfitPR;
				PRODUCT_NAME = "$(TARGET_NAME)";
				SWIFT_EMIT_LOC_STRINGS = YES;
				SWIFT_VERSION = 5.0;
				TARGETED_DEVICE_FAMILY = "1,2";
			};
			name = Debug;
		};
		4E58056A27F3C5B100F16219 /* Release */ = {
			isa = XCBuildConfiguration;
			buildSettings = {
				ASSETCATALOG_COMPILER_APPICON_NAME = AppIcon;
				ASSETCATALOG_COMPILER_GLOBAL_ACCENT_COLOR_NAME = AccentColor;
				CODE_SIGN_ENTITLEMENTS = CrossfitPR/CrossfitPR.entitlements;
				CODE_SIGN_STYLE = Automatic;
				CURRENT_PROJECT_VERSION = 1;
				DEVELOPMENT_TEAM = 6V95FQX348;
				GENERATE_INFOPLIST_FILE = YES;
				INFOPLIST_FILE = CrossfitPR/Info.plist;
				INFOPLIST_KEY_CFBundleDisplayName = MyCrossfitPRs;
				INFOPLIST_KEY_UIApplicationSupportsIndirectInputEvents = YES;
				INFOPLIST_KEY_UILaunchStoryboardName = LaunchScreen;
				INFOPLIST_KEY_UISupportedInterfaceOrientations_iPad = "UIInterfaceOrientationPortrait UIInterfaceOrientationPortraitUpsideDown UIInterfaceOrientationLandscapeLeft UIInterfaceOrientationLandscapeRight";
				INFOPLIST_KEY_UISupportedInterfaceOrientations_iPhone = "UIInterfaceOrientationPortrait UIInterfaceOrientationLandscapeLeft UIInterfaceOrientationLandscapeRight";
				LD_RUNPATH_SEARCH_PATHS = (
					"$(inherited)",
					"@executable_path/Frameworks",
				);
				MARKETING_VERSION = 1.0;
				PRODUCT_BUNDLE_IDENTIFIER = com.douglast.CrossfitPR;
				PRODUCT_NAME = "$(TARGET_NAME)";
				SWIFT_EMIT_LOC_STRINGS = YES;
				SWIFT_VERSION = 5.0;
				TARGETED_DEVICE_FAMILY = "1,2";
			};
			name = Release;
		};
/* End XCBuildConfiguration section */

/* Begin XCConfigurationList section */
		4E58054F27F3C5AE00F16219 /* Build configuration list for PBXProject "CrossfitPR" */ = {
			isa = XCConfigurationList;
			buildConfigurations = (
				4E58056627F3C5B100F16219 /* Debug */,
				4E58056727F3C5B100F16219 /* Release */,
			);
			defaultConfigurationIsVisible = 0;
			defaultConfigurationName = Release;
		};
		4E58056827F3C5B100F16219 /* Build configuration list for PBXNativeTarget "CrossfitPR" */ = {
			isa = XCConfigurationList;
			buildConfigurations = (
				4E58056927F3C5B100F16219 /* Debug */,
				4E58056A27F3C5B100F16219 /* Release */,
			);
			defaultConfigurationIsVisible = 0;
			defaultConfigurationName = Release;
		};
/* End XCConfigurationList section */

/* Begin XCRemoteSwiftPackageReference section */
		4E58062127F3C5B100F16219 /* XCRemoteSwiftPackageReference "CrossfitPRPackages" */ = {
			isa = XCRemoteSwiftPackageReference;
			repositoryURL = "file:///Users/douglastaquary/Documents/Projects/Github/iOS/CrossfitPR/";
			requirement = {
				kind = branch;
				branch = merge/beta-ui-spm-arch;
			};
		};
/* End XCRemoteSwiftPackageReference section */

/* Begin XCSwiftPackageProductDependency section */
		4E58061027F3C5B100F16219 /* Domain */ = {
			isa = XCSwiftPackageProductDependency;
			package = 4E58062127F3C5B100F16219 /* XCRemoteSwiftPackageReference "CrossfitPRPackages" */;
			productName = Domain;
		};
		4E58061627F3C5B100F16219 /* Subscription */ = {
			isa = XCSwiftPackageProductDependency;
			package = 4E58062127F3C5B100F16219 /* XCRemoteSwiftPackageReference "CrossfitPRPackages" */;
			productName = Subscription;
		};
		4E58061827F3C5B100F16219 /* Application */ = {
			isa = XCSwiftPackageProductDependency;
			package = 4E58062127F3C5B100F16219 /* XCRemoteSwiftPackageReference "CrossfitPRPackages" */;
			productName = Application;
		};
		4E58062C27F3C5B100F16219 /* PRHistory */ = {
			isa = XCSwiftPackageProductDependency;
			package = 4E58062127F3C5B100F16219 /* XCRemoteSwiftPackageReference "CrossfitPRPackages" */;
			productName = PRHistory;
		};
		4E58062D27F3C5B100F16219 /* Insights */ = {
			isa = XCSwiftPackageProductDependency;
			package = 4E58062127F3C5B100F16219 /* XCRemoteSwiftPackageReference "CrossfitPRPackages" */;
			productName = Insights;
		};
		4E58062E27F3C5B100F16219 /* PROUpgrade */ = {
			isa = XCSwiftPackageProductDependency;
			package = 4E58062127F3C5B100F16219 /* XCRemoteSwiftPackageReference "CrossfitPRPackages" */;
			productName = PROUpgrade;
		};
		4E58062F27F3C5B100F16219 /* Onboarding */ = {
			isa = XCSwiftPackageProductDependency;
			package = 4E58062127F3C5B100F16219 /* XCRemoteSwiftPackageReference "CrossfitPRPackages" */;
			productName = Onboarding;
		};
		4E58063527F3C5B100F16219 /* Localization */ = {
			isa = XCSwiftPackageProductDependency;
			package = 4E58062127F3C5B100F16219 /* XCRemoteSwiftPackageReference "CrossfitPRPackages" */;
			productName = Localization;
		};
		4E58063827F3C5B100F16219 /* Categories */ = {
			isa = XCSwiftPackageProductDependency;
			package = 4E58062127F3C5B100F16219 /* XCRemoteSwiftPackageReference "CrossfitPRPackages" */;
			productName = Categories;
		};
		4E58063A27F3C5B100F16219 /* Settings */ = {
			isa = XCSwiftPackageProductDependency;
			package = 4E58062127F3C5B100F16219 /* XCRemoteSwiftPackageReference "CrossfitPRPackages" */;
			productName = Settings;
		};
		4E58063C27F3C5B100F16219 /* Launch */ = {
			isa = XCSwiftPackageProductDependency;
			package = 4E58062127F3C5B100F16219 /* XCRemoteSwiftPackageReference "CrossfitPRPackages" */;
			productName = Launch;
		};
/* End XCSwiftPackageProductDependency section */
	};
	rootObject = 4E58054C27F3C5AE00F16219 /* Project object */;
}
