{
  "pins" : [
    {
      "identity" : "crossfitpr",
      "kind" : "localSourceControl",
      "location" : "/Users/douglastaquary/Documents/Projects/Github/iOS/CrossfitPR",
      "state" : {
        "branch" : "merge/beta-ui-spm-arch",
        "revision" : "c9d3eab858eaf1161944d6c8394a0ac61f123eaf"
      }
    }
  ],
  "version" : 2
}
