{
  "pins" : [
    {
      "identity" : "crossfitpr",
      "kind" : "localSourceControl",
      "location" : "/Users/douglastaquary/Documents/Projects/Github/iOS/CrossfitPR",
      "state" : {
        "branch" : "merge/beta-ui-spm-arch",
        "revision" : "5f924723acd5d34a80562db55ad48d12dc251082"
      }
    }
  ],
  "version" : 2
}
