{
  "pins" : [
    {
      "identity" : "crossfitpr",
      "kind" : "localSourceControl",
      "location" : "/Users/douglastaquary/Documents/Projects/Github/iOS/CrossfitPR",
      "state" : {
        "branch" : "merge/beta-ui-spm-arch",
        "revision" : "07f05fbb1cbeb31ddeec6af143c81624bb9bd682"
      }
    }
  ],
  "version" : 2
}
